
Microsoft Visual Studio Solution File, Format Version 12.00
# Visual Studio Version 16
VisualStudioVersion = 16.0.30907.101
MinimumVisualStudioVersion = 10.0.40219.1
Project("{FAE04EC0-301F-11D3-BF4B-00C04F79EFBC}") = "ProjektSemestralny", "ProjektSemestralny\ProjektSemestralny.csproj", "{D9057329-27B4-4473-BA54-1A6870D7A048}"
EndProject
Project("{FAE04EC0-301F-11D3-BF4B-00C04F79EFBC}") = "ClassLibrary", "ClassLibrary\ClassLibrary.csproj", "{1C41AEF8-D0D4-4EA9-9443-69EEA64A37C7}"
EndProject
Global
	GlobalSection(SolutionConfigurationPlatforms) = preSolution
		Debug|Any CPU = Debug|Any CPU
		Release|Any CPU = Release|Any CPU
	EndGlobalSection
	GlobalSection(ProjectConfigurationPlatforms) = postSolution
		{D9057329-27B4-4473-BA54-1A6870D7A048}.Debug|Any CPU.ActiveCfg = Debug|Any CPU
		{D9057329-27B4-4473-BA54-1A6870D7A048}.Debug|Any CPU.Build.0 = Debug|Any CPU
		{D9057329-27B4-4473-BA54-1A6870D7A048}.Release|Any CPU.ActiveCfg = Release|Any CPU
		{D9057329-27B4-4473-BA54-1A6870D7A048}.Release|Any CPU.Build.0 = Release|Any CPU
		{1C41AEF8-D0D4-4EA9-9443-69EEA64A37C7}.Debug|Any CPU.ActiveCfg = Debug|Any CPU
		{1C41AEF8-D0D4-4EA9-9443-69EEA64A37C7}.Debug|Any CPU.Build.0 = Debug|Any CPU
		{1C41AEF8-D0D4-4EA9-9443-69EEA64A37C7}.Release|Any CPU.ActiveCfg = Release|Any CPU
		{1C41AEF8-D0D4-4EA9-9443-69EEA64A37C7}.Release|Any CPU.Build.0 = Release|Any CPU
	EndGlobalSection
	GlobalSection(SolutionProperties) = preSolution
		HideSolutionNode = FALSE
	EndGlobalSection
	GlobalSection(ExtensibilityGlobals) = postSolution
		SolutionGuid = {A2C7B0A3-9A9F-423F-8428-461E4B7BBDFD}
	EndGlobalSection
EndGlobal
